{
  "originHash" : "96b6bf164f06bae430addfc57789d147acb6239598c560806b257a40dbb732b9",
  "pins" : [
    {
      "identity" : "htmlparser",
      "kind" : "remoteSourceControl",
      "location" : "https://github.com/odrobnik/HTMLParser.git",
      "state" : {
        "branch" : "main",
        "revision" : "42be6657022b56cc5827b2589cd9d58efc48b8cf"
      }
    },
    {
      "identity" : "xmlcoder",
      "kind" : "remoteSourceControl",
      "location" : "https://github.com/CoreOffice/XMLCoder.git",
      "state" : {
        "revision" : "b1e944cbd0ef33787b13f639a5418d55b3bed501",
        "version" : "0.17.1"
      }
    }
  ],
  "version" : 3
}
